github.com/aleksasiriski/tailbliss v0.0.0-20230607172338-18c62fcda1fc h1:vNIS34FbogtsRL/2wS4PZcMHQqkiQS1a658BdpHzlo8=
github.com/aleksasiriski/tailbliss v0.0.0-20230607172338-18c62fcda1fc/go.mod h1:KgP3katzCTMmUA2h5isA7CIAxEd0O0JtLkcnpgifNuQ=
github.com/aleksasiriski/tailbliss v0.0.0-20230607224449-98acdbe38107 h1:Z3Wp3JlaIB54/ZSIH8eD2Zx8g1y3gP25mrGnHgZ+cus=
github.com/aleksasiriski/tailbliss v0.0.0-20230607224449-98acdbe38107/go.mod h1:KgP3katzCTMmUA2h5isA7CIAxEd0O0JtLkcnpgifNuQ=
github.com/aleksasiriski/tailbliss v0.0.0-20230608095248-71eeab44506c h1:6oC7chxC2Kv3el40HaNItfN8uxlATJSTcpGAFlrxH7s=
github.com/aleksasiriski/tailbliss v0.0.0-20230608095248-71eeab44506c/go.mod h1:KgP3katzCTMmUA2h5isA7CIAxEd0O0JtLkcnpgifNuQ=
github.com/aleksasiriski/tailbliss v0.0.0-20230608095750-b1fe1a53e3ef h1:HIjVrifsoRdRypaZr8ABlEd7OLjtVKrVl+qCiry+svk=
github.com/aleksasiriski/tailbliss v0.0.0-20230608095750-b1fe1a53e3ef/go.mod h1:KgP3katzCTMmUA2h5isA7CIAxEd0O0JtLkcnpgifNuQ=
github.com/aleksasiriski/tailbliss v0.0.0-20230608103431-d2e0af5cad0a h1:5LQzKkBcGtR1CcmyyiW47fypbrQwoflIQQz7vxg5aY4=
github.com/aleksasiriski/tailbliss v0.0.0-20230608103431-d2e0af5cad0a/go.mod h1:KgP3katzCTMmUA2h5isA7CIAxEd0O0JtLkcnpgifNuQ=
